
Microsoft Visual Studio Solution File, Format Version 12.00
# Visual Studio Version 16
VisualStudioVersion = 16.0.31402.337
MinimumVisualStudioVersion = 10.0.40219.1
Project("{FAE04EC0-301F-11D3-BF4B-00C04F79EFBC}") = "Order.API", "Order.API\Order.API.csproj", "{445D6ED3-BBCD-4DD8-8599-8DDA65FB02F6}"
EndProject
Project("{FAE04EC0-301F-11D3-BF4B-00C04F79EFBC}") = "Stock.API", "Stock.API\Stock.API.csproj", "{D75E62A3-2E54-4D6D-9A53-2B20F6B7E237}"
EndProject
Project("{FAE04EC0-301F-11D3-BF4B-00C04F79EFBC}") = "Payment.API", "Payment.API\Payment.API.csproj", "{0186B140-A1C0-453D-9369-F4C5DCFCF182}"
EndProject
Project("{FAE04EC0-301F-11D3-BF4B-00C04F79EFBC}") = "Shared", "Shared\Shared.csproj", "{AD04271D-2242-4B3B-AC15-70C5C9039B7C}"
EndProject
Global
	GlobalSection(SolutionConfigurationPlatforms) = preSolution
		Debug|Any CPU = Debug|Any CPU
		Release|Any CPU = Release|Any CPU
	EndGlobalSection
	GlobalSection(ProjectConfigurationPlatforms) = postSolution
		{445D6ED3-BBCD-4DD8-8599-8DDA65FB02F6}.Debug|Any CPU.ActiveCfg = Debug|Any CPU
		{445D6ED3-BBCD-4DD8-8599-8DDA65FB02F6}.Debug|Any CPU.Build.0 = Debug|Any CPU
		{445D6ED3-BBCD-4DD8-8599-8DDA65FB02F6}.Release|Any CPU.ActiveCfg = Release|Any CPU
		{445D6ED3-BBCD-4DD8-8599-8DDA65FB02F6}.Release|Any CPU.Build.0 = Release|Any CPU
		{D75E62A3-2E54-4D6D-9A53-2B20F6B7E237}.Debug|Any CPU.ActiveCfg = Debug|Any CPU
		{D75E62A3-2E54-4D6D-9A53-2B20F6B7E237}.Debug|Any CPU.Build.0 = Debug|Any CPU
		{D75E62A3-2E54-4D6D-9A53-2B20F6B7E237}.Release|Any CPU.ActiveCfg = Release|Any CPU
		{D75E62A3-2E54-4D6D-9A53-2B20F6B7E237}.Release|Any CPU.Build.0 = Release|Any CPU
		{0186B140-A1C0-453D-9369-F4C5DCFCF182}.Debug|Any CPU.ActiveCfg = Debug|Any CPU
		{0186B140-A1C0-453D-9369-F4C5DCFCF182}.Debug|Any CPU.Build.0 = Debug|Any CPU
		{0186B140-A1C0-453D-9369-F4C5DCFCF182}.Release|Any CPU.ActiveCfg = Release|Any CPU
		{0186B140-A1C0-453D-9369-F4C5DCFCF182}.Release|Any CPU.Build.0 = Release|Any CPU
		{AD04271D-2242-4B3B-AC15-70C5C9039B7C}.Debug|Any CPU.ActiveCfg = Debug|Any CPU
		{AD04271D-2242-4B3B-AC15-70C5C9039B7C}.Debug|Any CPU.Build.0 = Debug|Any CPU
		{AD04271D-2242-4B3B-AC15-70C5C9039B7C}.Release|Any CPU.ActiveCfg = Release|Any CPU
		{AD04271D-2242-4B3B-AC15-70C5C9039B7C}.Release|Any CPU.Build.0 = Release|Any CPU
	EndGlobalSection
	GlobalSection(SolutionProperties) = preSolution
		HideSolutionNode = FALSE
	EndGlobalSection
	GlobalSection(ExtensibilityGlobals) = postSolution
		SolutionGuid = {F78C61C9-013A-4388-84BE-CE18096E26CC}
	EndGlobalSection
EndGlobal
